
Microsoft Visual Studio Solution File, Format Version 12.00
# Visual Studio Version 17
VisualStudioVersion = 17.12.35707.178 d17.12
MinimumVisualStudioVersion = 10.0.40219.1
Project("{FAE04EC0-301F-11D3-BF4B-00C04F79EFBC}") = "BlazorApp1", "BlazorApp1.csproj", "{5492B2AA-38AA-4DDE-9C77-D6E2D31675CC}"
EndProject
Global
	GlobalSection(SolutionConfigurationPlatforms) = preSolution
		Debug|Any CPU = Debug|Any CPU
		Release|Any CPU = Release|Any CPU
	EndGlobalSection
	GlobalSection(ProjectConfigurationPlatforms) = postSolution
		{5492B2AA-38AA-4DDE-9C77-D6E2D31675CC}.Debug|Any CPU.ActiveCfg = Debug|Any CPU
		{5492B2AA-38AA-4DDE-9C77-D6E2D31675CC}.Debug|Any CPU.Build.0 = Debug|Any CPU
		{5492B2AA-38AA-4DDE-9C77-D6E2D31675CC}.Release|Any CPU.ActiveCfg = Release|Any CPU
		{5492B2AA-38AA-4DDE-9C77-D6E2D31675CC}.Release|Any CPU.Build.0 = Release|Any CPU
	EndGlobalSection
	GlobalSection(SolutionProperties) = preSolution
		HideSolutionNode = FALSE
	EndGlobalSection
EndGlobal
